
Microsoft Visual Studio Solution File, Format Version 12.00
# Visual Studio Version 17
VisualStudioVersion = 17.11.35327.3
MinimumVisualStudioVersion = 10.0.40219.1
Project("{FAE04EC0-301F-11D3-BF4B-00C04F79EFBC}") = "RamadonTaqvimBot", "RamadonTaqvimBot\RamadonTaqvimBot.csproj", "{A0E0ADA7-ACA9-405E-94AE-7AC6327FDE02}"
EndProject
Project("{FAE04EC0-301F-11D3-BF4B-00C04F79EFBC}") = "RamadonTaqvimBot.Bll", "RamadonTaqvimBot.Bll\RamadonTaqvimBot.Bll.csproj", "{AAC50523-DE1A-4AC0-AEEE-EB83F3B9DC5A}"
EndProject
Project("{FAE04EC0-301F-11D3-BF4B-00C04F79EFBC}") = "RamadonTaqvimBot.Dal", "RamadonTaqvimBot.Dal\RamadonTaqvimBot.Dal.csproj", "{034291D0-0DD2-4972-ABD6-620178E6795A}"
EndProject
Global
	GlobalSection(SolutionConfigurationPlatforms) = preSolution
		Debug|Any CPU = Debug|Any CPU
		Release|Any CPU = Release|Any CPU
	EndGlobalSection
	GlobalSection(ProjectConfigurationPlatforms) = postSolution
		{A0E0ADA7-ACA9-405E-94AE-7AC6327FDE02}.Debug|Any CPU.ActiveCfg = Debug|Any CPU
		{A0E0ADA7-ACA9-405E-94AE-7AC6327FDE02}.Debug|Any CPU.Build.0 = Debug|Any CPU
		{A0E0ADA7-ACA9-405E-94AE-7AC6327FDE02}.Release|Any CPU.ActiveCfg = Release|Any CPU
		{A0E0ADA7-ACA9-405E-94AE-7AC6327FDE02}.Release|Any CPU.Build.0 = Release|Any CPU
		{AAC50523-DE1A-4AC0-AEEE-EB83F3B9DC5A}.Debug|Any CPU.ActiveCfg = Debug|Any CPU
		{AAC50523-DE1A-4AC0-AEEE-EB83F3B9DC5A}.Debug|Any CPU.Build.0 = Debug|Any CPU
		{AAC50523-DE1A-4AC0-AEEE-EB83F3B9DC5A}.Release|Any CPU.ActiveCfg = Release|Any CPU
		{AAC50523-DE1A-4AC0-AEEE-EB83F3B9DC5A}.Release|Any CPU.Build.0 = Release|Any CPU
		{034291D0-0DD2-4972-ABD6-620178E6795A}.Debug|Any CPU.ActiveCfg = Debug|Any CPU
		{034291D0-0DD2-4972-ABD6-620178E6795A}.Debug|Any CPU.Build.0 = Debug|Any CPU
		{034291D0-0DD2-4972-ABD6-620178E6795A}.Release|Any CPU.ActiveCfg = Release|Any CPU
		{034291D0-0DD2-4972-ABD6-620178E6795A}.Release|Any CPU.Build.0 = Release|Any CPU
	EndGlobalSection
	GlobalSection(SolutionProperties) = preSolution
		HideSolutionNode = FALSE
	EndGlobalSection
	GlobalSection(ExtensibilityGlobals) = postSolution
		SolutionGuid = {A2B54D62-7210-4BF1-B5DA-E7C0F6F28536}
	EndGlobalSection
EndGlobal
